// !$*UTF8*$!
{
	archiveVersion = 1;
	classes = {
	};
	objectVersion = 46;
	objects = {

/* Begin PBXBuildFile section */
		0E04107D1F7CD62B003657F8 /* baseModel.m in Sources */ = {isa = PBXBuildFile; fileRef = 0E04107C1F7CD62B003657F8 /* baseModel.m */; };
		0E0410821F7CD78F003657F8 /* RootBaseVC.m in Sources */ = {isa = PBXBuildFile; fileRef = 0E0410811F7CD78F003657F8 /* RootBaseVC.m */; };
		0E0410881F7CDF02003657F8 /* RootBaseNav.m in Sources */ = {isa = PBXBuildFile; fileRef = 0E0410871F7CDF02003657F8 /* RootBaseNav.m */; };
		0E04108B1F7CDFAF003657F8 /* RootBaseBar.m in Sources */ = {isa = PBXBuildFile; fileRef = 0E04108A1F7CDFAF003657F8 /* RootBaseBar.m */; };
		0E0410901F7CE8A4003657F8 /* OpenUDID.m in Sources */ = {isa = PBXBuildFile; fileRef = 0E04108F1F7CE8A4003657F8 /* OpenUDID.m */; };
		0E04109F1F7CF0A4003657F8 /* MBProgressHUD+MB.m in Sources */ = {isa = PBXBuildFile; fileRef = 0E04109E1F7CF0A4003657F8 /* MBProgressHUD+MB.m */; };
		0E0410A41F7D0653003657F8 /* RequestManager.m in Sources */ = {isa = PBXBuildFile; fileRef = 0E0410A11F7D0653003657F8 /* RequestManager.m */; };
		0E0410A51F7D0653003657F8 /* UIImage+CompressImage.m in Sources */ = {isa = PBXBuildFile; fileRef = 0E0410A31F7D0653003657F8 /* UIImage+CompressImage.m */; };
		0E0410AB1F8B0E51003657F8 /* UITapGestureRecognizer+Block.m in Sources */ = {isa = PBXBuildFile; fileRef = 0E0410AA1F8B0E51003657F8 /* UITapGestureRecognizer+Block.m */; };
		0E0410DE1F8B4994003657F8 /* model.m in Sources */ = {isa = PBXBuildFile; fileRef = 0E0410DD1F8B4994003657F8 /* model.m */; };
		0E0410E11F8B4A3D003657F8 /* viewModel.m in Sources */ = {isa = PBXBuildFile; fileRef = 0E0410E01F8B4A3D003657F8 /* viewModel.m */; };
		0E0410E41F8B61D9003657F8 /* HomeTableViewCell.m in Sources */ = {isa = PBXBuildFile; fileRef = 0E0410E31F8B61D9003657F8 /* HomeTableViewCell.m */; };
		0E0ADCEF1F7CD22A009232F8 /* main.m in Sources */ = {isa = PBXBuildFile; fileRef = 0E0ADCEE1F7CD22A009232F8 /* main.m */; };
		0E0ADCF51F7CD22A009232F8 /* ViewController.m in Sources */ = {isa = PBXBuildFile; fileRef = 0E0ADCF41F7CD22A009232F8 /* ViewController.m */; };
		0E0ADCF81F7CD22A009232F8 /* Main.storyboard in Resources */ = {isa = PBXBuildFile; fileRef = 0E0ADCF61F7CD22A009232F8 /* Main.storyboard */; };
		0E0ADCFA1F7CD22A009232F8 /* Assets.xcassets in Resources */ = {isa = PBXBuildFile; fileRef = 0E0ADCF91F7CD22A009232F8 /* Assets.xcassets */; };
		0E0ADCFD1F7CD22A009232F8 /* LaunchScreen.storyboard in Resources */ = {isa = PBXBuildFile; fileRef = 0E0ADCFB1F7CD22A009232F8 /* LaunchScreen.storyboard */; };
		0E0ADD081F7CD22A009232F8 /* ProjectTemplateTests.m in Sources */ = {isa = PBXBuildFile; fileRef = 0E0ADD071F7CD22A009232F8 /* ProjectTemplateTests.m */; };
		0E0ADD131F7CD22A009232F8 /* ProjectTemplateUITests.m in Sources */ = {isa = PBXBuildFile; fileRef = 0E0ADD121F7CD22A009232F8 /* ProjectTemplateUITests.m */; };
		0E2B77051FCBEE3E00524CD3 /* 晴@2x.png in Resources */ = {isa = PBXBuildFile; fileRef = 0E2B76FB1FCBEE3900524CD3 /* 晴@2x.png */; };
		0E2B77061FCBEE3E00524CD3 /* 小雨@2x.png in Resources */ = {isa = PBXBuildFile; fileRef = 0E2B76FC1FCBEE3900524CD3 /* 小雨@2x.png */; };
		0E2B77071FCBEE3E00524CD3 /* 晴@3x.png in Resources */ = {isa = PBXBuildFile; fileRef = 0E2B76FD1FCBEE3900524CD3 /* 晴@3x.png */; };
		0E2B77081FCBEE3E00524CD3 /* 多云@2x.png in Resources */ = {isa = PBXBuildFile; fileRef = 0E2B76FE1FCBEE3A00524CD3 /* 多云@2x.png */; };
		0E2B77091FCBEE3E00524CD3 /* 小雨@3x.png in Resources */ = {isa = PBXBuildFile; fileRef = 0E2B76FF1FCBEE3C00524CD3 /* 小雨@3x.png */; };
		0E2B770A1FCBEE3E00524CD3 /* 多云@3x.png in Resources */ = {isa = PBXBuildFile; fileRef = 0E2B77001FCBEE3C00524CD3 /* 多云@3x.png */; };
		0E2B770B1FCBEE3E00524CD3 /* 大雨@2x.png in Resources */ = {isa = PBXBuildFile; fileRef = 0E2B77011FCBEE3D00524CD3 /* 大雨@2x.png */; };
		0E2B770C1FCBEE3E00524CD3 /* 雪@2x.png in Resources */ = {isa = PBXBuildFile; fileRef = 0E2B77021FCBEE3D00524CD3 /* 雪@2x.png */; };
		0E2B770D1FCBEE3E00524CD3 /* 大雨@3x.png in Resources */ = {isa = PBXBuildFile; fileRef = 0E2B77031FCBEE3D00524CD3 /* 大雨@3x.png */; };
		0E2B770E1FCBEE3E00524CD3 /* 雪@3x.png in Resources */ = {isa = PBXBuildFile; fileRef = 0E2B77041FCBEE3E00524CD3 /* 雪@3x.png */; };
		0E2B77121FCBF36000524CD3 /* UIViewController+Present.m in Sources */ = {isa = PBXBuildFile; fileRef = 0E2B77101FCBF35F00524CD3 /* UIViewController+Present.m */; };
		0E2B77271FCD064600524CD3 /* rightNav.png in Resources */ = {isa = PBXBuildFile; fileRef = 0E2B771A1FCD064200524CD3 /* rightNav.png */; };
		0E2B77281FCD064600524CD3 /* lagou2.jpeg in Resources */ = {isa = PBXBuildFile; fileRef = 0E2B771C1FCD064300524CD3 /* lagou2.jpeg */; };
		0E2B77291FCD064600524CD3 /* GMinfoVC.m in Sources */ = {isa = PBXBuildFile; fileRef = 0E2B771D1FCD064300524CD3 /* GMinfoVC.m */; };
		0E2B772A1FCD064600524CD3 /* GMactivityVC.m in Sources */ = {isa = PBXBuildFile; fileRef = 0E2B771E1FCD064300524CD3 /* GMactivityVC.m */; };
		0E2B772B1FCD064600524CD3 /* GMmainVC.m in Sources */ = {isa = PBXBuildFile; fileRef = 0E2B77201FCD064400524CD3 /* GMmainVC.m */; };
		0E2B772C1FCD064600524CD3 /* lagou1.jpeg in Resources */ = {isa = PBXBuildFile; fileRef = 0E2B77221FCD064400524CD3 /* lagou1.jpeg */; };
		0E2B772D1FCD064600524CD3 /* lagou3.jpeg in Resources */ = {isa = PBXBuildFile; fileRef = 0E2B77231FCD064500524CD3 /* lagou3.jpeg */; };
		0E2B772E1FCD064600524CD3 /* GMmeVC.m in Sources */ = {isa = PBXBuildFile; fileRef = 0E2B77251FCD064500524CD3 /* GMmeVC.m */; };
		0E2B772F1FCD064600524CD3 /* lagou0.jpeg in Resources */ = {isa = PBXBuildFile; fileRef = 0E2B77261FCD064500524CD3 /* lagou0.jpeg */; };
		0E2B77351FCD07CF00524CD3 /* GMHomeRequest.m in Sources */ = {isa = PBXBuildFile; fileRef = 0E2B77341FCD07CF00524CD3 /* GMHomeRequest.m */; };
		0E2B773A1FCD09A100524CD3 /* AppDelegate.m in Sources */ = {isa = PBXBuildFile; fileRef = 0E2B77371FCD09A000524CD3 /* AppDelegate.m */; };
		0E2B773B1FCD09A100524CD3 /* AppDelegate+AppService.m in Sources */ = {isa = PBXBuildFile; fileRef = 0E2B77391FCD09A100524CD3 /* AppDelegate+AppService.m */; };
		0E4291151FCF976B007C77FF /* ShareContentItem.m in Sources */ = {isa = PBXBuildFile; fileRef = 0E4291111FCF976A007C77FF /* ShareContentItem.m */; };
		0E95DC261FCBA53600F5557D /* WRImageHelper.m in Sources */ = {isa = PBXBuildFile; fileRef = 0E95DC251FCBA53600F5557D /* WRImageHelper.m */; };
		0E95DC451FCBB57800F5557D /* TAAbstractDotView.m in Sources */ = {isa = PBXBuildFile; fileRef = 0E95DC381FCBB57800F5557D /* TAAbstractDotView.m */; };
		0E95DC461FCBB57800F5557D /* TAAnimatedDotView.m in Sources */ = {isa = PBXBuildFile; fileRef = 0E95DC3A1FCBB57800F5557D /* TAAnimatedDotView.m */; };
		0E95DC471FCBB57800F5557D /* TADotView.m in Sources */ = {isa = PBXBuildFile; fileRef = 0E95DC3C1FCBB57800F5557D /* TADotView.m */; };
		0E95DC481FCBB57800F5557D /* TAPageControl.m in Sources */ = {isa = PBXBuildFile; fileRef = 0E95DC3E1FCBB57800F5557D /* TAPageControl.m */; };
		0E95DC491FCBB57800F5557D /* SDCollectionViewCell.m in Sources */ = {isa = PBXBuildFile; fileRef = 0E95DC401FCBB57800F5557D /* SDCollectionViewCell.m */; };
		0E95DC4A1FCBB57800F5557D /* SDCycleScrollView.m in Sources */ = {isa = PBXBuildFile; fileRef = 0E95DC421FCBB57800F5557D /* SDCycleScrollView.m */; };
		0E95DC4B1FCBB57800F5557D /* UIView+SDExtension.m in Sources */ = {isa = PBXBuildFile; fileRef = 0E95DC441FCBB57800F5557D /* UIView+SDExtension.m */; };
		0ECAA88B1FCD0DAE00EA3AA0 /* GMhomeModel.m in Sources */ = {isa = PBXBuildFile; fileRef = 0ECAA88A1FCD0DAE00EA3AA0 /* GMhomeModel.m */; };
		0ECAA88E1FCD0F9100EA3AA0 /* GMhomeBannerModel.m in Sources */ = {isa = PBXBuildFile; fileRef = 0ECAA88D1FCD0F9100EA3AA0 /* GMhomeBannerModel.m */; };
		0ECAA8901FCD2D6D00EA3AA0 /* search@3x.png in Resources */ = {isa = PBXBuildFile; fileRef = 0ECAA88F1FCD2D6C00EA3AA0 /* search@3x.png */; };
		0ECAA8931FCD393700EA3AA0 /* GMhomeBlockModel.m in Sources */ = {isa = PBXBuildFile; fileRef = 0ECAA8921FCD393700EA3AA0 /* GMhomeBlockModel.m */; };
		0ECAA8961FCD3D1E00EA3AA0 /* GMhomeRecommendModel.m in Sources */ = {isa = PBXBuildFile; fileRef = 0ECAA8951FCD3D1E00EA3AA0 /* GMhomeRecommendModel.m */; };
		0ECAA89A1FCD480700EA3AA0 /* GMgiftVC.m in Sources */ = {isa = PBXBuildFile; fileRef = 0ECAA8991FCD480700EA3AA0 /* GMgiftVC.m */; };
		0ECAA89E1FCD54DB00EA3AA0 /* GMhomeCateCollectCell.m in Sources */ = {isa = PBXBuildFile; fileRef = 0ECAA89D1FCD54DB00EA3AA0 /* GMhomeCateCollectCell.m */; };
		0ECAA8A01FCD62AD00EA3AA0 /* TencentOpenAPI.framework in Frameworks */ = {isa = PBXBuildFile; fileRef = 0ECAA89F1FCD62AD00EA3AA0 /* TencentOpenAPI.framework */; };
		0ECAA8A61FCD64D500EA3AA0 /* libiconv.tbd in Frameworks */ = {isa = PBXBuildFile; fileRef = 0ECAA8A51FCD64D400EA3AA0 /* libiconv.tbd */; };
		0ECAA8A81FCD650600EA3AA0 /* libsqlite3.tbd in Frameworks */ = {isa = PBXBuildFile; fileRef = 0ECAA8A71FCD650600EA3AA0 /* libsqlite3.tbd */; };
		0ECAA8AA1FCD651100EA3AA0 /* libsqlite3.0.tbd in Frameworks */ = {isa = PBXBuildFile; fileRef = 0ECAA8A91FCD651100EA3AA0 /* libsqlite3.0.tbd */; };
		0ECAA8AC1FCD651D00EA3AA0 /* libz.tbd in Frameworks */ = {isa = PBXBuildFile; fileRef = 0ECAA8AB1FCD651D00EA3AA0 /* libz.tbd */; };
		0ECAA8AE1FCD652C00EA3AA0 /* libstdc++.tbd in Frameworks */ = {isa = PBXBuildFile; fileRef = 0ECAA8AD1FCD652B00EA3AA0 /* libstdc++.tbd */; };
		0ECAA8BB1FCE690700EA3AA0 /* GMloadType.m in Sources */ = {isa = PBXBuildFile; fileRef = 0ECAA8BA1FCE690700EA3AA0 /* GMloadType.m */; };
		0ECDC7DF1FCAF9D300FA4424 /* WRCustomNavigationBar.m in Sources */ = {isa = PBXBuildFile; fileRef = 0ECDC7DC1FCAF9D200FA4424 /* WRCustomNavigationBar.m */; };
		0ECDC7E01FCAF9D300FA4424 /* WRNavigationBar.m in Sources */ = {isa = PBXBuildFile; fileRef = 0ECDC7DE1FCAF9D200FA4424 /* WRNavigationBar.m */; };
		EEBB49B88E9392129531F431 /* libPods-ProjectTemplate.a in Frameworks */ = {isa = PBXBuildFile; fileRef = 65A1FE9D5704539AB8B5446B /* libPods-ProjectTemplate.a */; };
/* End PBXBuildFile section */

/* Begin PBXContainerItemProxy section */
		0E0ADD041F7CD22A009232F8 /* PBXContainerItemProxy */ = {
			isa = PBXContainerItemProxy;
			containerPortal = 0E0ADCE21F7CD22A009232F8 /* Project object */;
			proxyType = 1;
			remoteGlobalIDString = 0E0ADCE91F7CD22A009232F8;
			remoteInfo = ProjectTemplate;
		};
		0E0ADD0F1F7CD22A009232F8 /* PBXContainerItemProxy */ = {
			isa = PBXContainerItemProxy;
			containerPortal = 0E0ADCE21F7CD22A009232F8 /* Project object */;
			proxyType = 1;
			remoteGlobalIDString = 0E0ADCE91F7CD22A009232F8;
			remoteInfo = ProjectTemplate;
		};
/* End PBXContainerItemProxy section */

/* Begin PBXFileReference section */
		03397658B930F37387651DA7 /* Pods-ProjectTemplate.release.xcconfig */ = {isa = PBXFileReference; includeInIndex = 1; lastKnownFileType = text.xcconfig; name = "Pods-ProjectTemplate.release.xcconfig"; path = "Pods/Target Support Files/Pods-ProjectTemplate/Pods-ProjectTemplate.release.xcconfig"; sourceTree = "<group>"; };
		05794AB52E0AA51D77949FC5 /* Pods-ProjectTemplate.debug.xcconfig */ = {isa = PBXFileReference; includeInIndex = 1; lastKnownFileType = text.xcconfig; name = "Pods-ProjectTemplate.debug.xcconfig"; path = "Pods/Target Support Files/Pods-ProjectTemplate/Pods-ProjectTemplate.debug.xcconfig"; sourceTree = "<group>"; };
		0E04107B1F7CD62B003657F8 /* baseModel.h */ = {isa = PBXFileReference; fileEncoding = 4; lastKnownFileType = sourcecode.c.h; name = baseModel.h; path = ../baseModel.h; sourceTree = "<group>"; };
		0E04107C1F7CD62B003657F8 /* baseModel.m */ = {isa = PBXFileReference; fileEncoding = 4; lastKnownFileType = sourcecode.c.objc; name = baseModel.m; path = ../baseModel.m; sourceTree = "<group>"; };
		0E0410801F7CD78F003657F8 /* RootBaseVC.h */ = {isa = PBXFileReference; fileEncoding = 4; lastKnownFileType = sourcecode.c.h; name = RootBaseVC.h; path = ../RootBaseVC.h; sourceTree = "<group>"; };
		0E0410811F7CD78F003657F8 /* RootBaseVC.m */ = {isa = PBXFileReference; fileEncoding = 4; lastKnownFileType = sourcecode.c.objc; name = RootBaseVC.m; path = ../RootBaseVC.m; sourceTree = "<group>"; };
		0E0410861F7CDF02003657F8 /* RootBaseNav.h */ = {isa = PBXFileReference; fileEncoding = 4; lastKnownFileType = sourcecode.c.h; path = RootBaseNav.h; sourceTree = "<group>"; };
		0E0410871F7CDF02003657F8 /* RootBaseNav.m */ = {isa = PBXFileReference; fileEncoding = 4; lastKnownFileType = sourcecode.c.objc; path = RootBaseNav.m; sourceTree = "<group>"; };
		0E0410891F7CDFAF003657F8 /* RootBaseBar.h */ = {isa = PBXFileReference; fileEncoding = 4; lastKnownFileType = sourcecode.c.h; path = RootBaseBar.h; sourceTree = "<group>"; };
		0E04108A1F7CDFAF003657F8 /* RootBaseBar.m */ = {isa = PBXFileReference; fileEncoding = 4; lastKnownFileType = sourcecode.c.objc; path = RootBaseBar.m; sourceTree = "<group>"; };
		0E04108E1F7CE8A4003657F8 /* OpenUDID.h */ = {isa = PBXFileReference; fileEncoding = 4; lastKnownFileType = sourcecode.c.h; path = OpenUDID.h; sourceTree = "<group>"; };
		0E04108F1F7CE8A4003657F8 /* OpenUDID.m */ = {isa = PBXFileReference; fileEncoding = 4; lastKnownFileType = sourcecode.c.objc; path = OpenUDID.m; sourceTree = "<group>"; };
		0E0410941F7CEC38003657F8 /* UtilsMacros.h */ = {isa = PBXFileReference; lastKnownFileType = sourcecode.c.h; name = UtilsMacros.h; path = ../UtilsMacros.h; sourceTree = "<group>"; };
		0E0410951F7CEC38003657F8 /* URLMacros.h */ = {isa = PBXFileReference; lastKnownFileType = sourcecode.c.h; name = URLMacros.h; path = ../URLMacros.h; sourceTree = "<group>"; };
		0E0410961F7CEC38003657F8 /* CommonMacros.h */ = {isa = PBXFileReference; lastKnownFileType = sourcecode.c.h; name = CommonMacros.h; path = ../CommonMacros.h; sourceTree = "<group>"; };
		0E0410971F7CEC38003657F8 /* FontAndColorMacros.h */ = {isa = PBXFileReference; lastKnownFileType = sourcecode.c.h; name = FontAndColorMacros.h; path = ../FontAndColorMacros.h; sourceTree = "<group>"; };
		0E0410981F7CEC38003657F8 /* ThirdMacros.h */ = {isa = PBXFileReference; lastKnownFileType = sourcecode.c.h; name = ThirdMacros.h; path = ../ThirdMacros.h; sourceTree = "<group>"; };
		0E04109D1F7CF0A4003657F8 /* MBProgressHUD+MB.h */ = {isa = PBXFileReference; fileEncoding = 4; lastKnownFileType = sourcecode.c.h; path = "MBProgressHUD+MB.h"; sourceTree = "<group>"; };
		0E04109E1F7CF0A4003657F8 /* MBProgressHUD+MB.m */ = {isa = PBXFileReference; fileEncoding = 4; lastKnownFileType = sourcecode.c.objc; path = "MBProgressHUD+MB.m"; sourceTree = "<group>"; };
		0E0410A01F7D0653003657F8 /* RequestManager.h */ = {isa = PBXFileReference; fileEncoding = 4; lastKnownFileType = sourcecode.c.h; name = RequestManager.h; path = ProjectTemplate/RequestManager.h; sourceTree = SOURCE_ROOT; };
		0E0410A11F7D0653003657F8 /* RequestManager.m */ = {isa = PBXFileReference; fileEncoding = 4; lastKnownFileType = sourcecode.c.objc; name = RequestManager.m; path = ProjectTemplate/RequestManager.m; sourceTree = SOURCE_ROOT; };
		0E0410A21F7D0653003657F8 /* UIImage+CompressImage.h */ = {isa = PBXFileReference; fileEncoding = 4; lastKnownFileType = sourcecode.c.h; name = "UIImage+CompressImage.h"; path = "../UIImage+CompressImage.h"; sourceTree = "<group>"; };
		0E0410A31F7D0653003657F8 /* UIImage+CompressImage.m */ = {isa = PBXFileReference; fileEncoding = 4; lastKnownFileType = sourcecode.c.objc; name = "UIImage+CompressImage.m"; path = "../UIImage+CompressImage.m"; sourceTree = "<group>"; };
		0E0410A91F8B0E51003657F8 /* UITapGestureRecognizer+Block.h */ = {isa = PBXFileReference; fileEncoding = 4; lastKnownFileType = sourcecode.c.h; path = "UITapGestureRecognizer+Block.h"; sourceTree = "<group>"; };
		0E0410AA1F8B0E51003657F8 /* UITapGestureRecognizer+Block.m */ = {isa = PBXFileReference; fileEncoding = 4; lastKnownFileType = sourcecode.c.objc; path = "UITapGestureRecognizer+Block.m"; sourceTree = "<group>"; };
		0E0410DC1F8B4994003657F8 /* model.h */ = {isa = PBXFileReference; fileEncoding = 4; lastKnownFileType = sourcecode.c.h; path = model.h; sourceTree = "<group>"; };
		0E0410DD1F8B4994003657F8 /* model.m */ = {isa = PBXFileReference; fileEncoding = 4; lastKnownFileType = sourcecode.c.objc; path = model.m; sourceTree = "<group>"; };
		0E0410DF1F8B4A3D003657F8 /* viewModel.h */ = {isa = PBXFileReference; fileEncoding = 4; lastKnownFileType = sourcecode.c.h; path = viewModel.h; sourceTree = "<group>"; };
		0E0410E01F8B4A3D003657F8 /* viewModel.m */ = {isa = PBXFileReference; fileEncoding = 4; lastKnownFileType = sourcecode.c.objc; path = viewModel.m; sourceTree = "<group>"; };
		0E0410E21F8B61D9003657F8 /* HomeTableViewCell.h */ = {isa = PBXFileReference; fileEncoding = 4; lastKnownFileType = sourcecode.c.h; path = HomeTableViewCell.h; sourceTree = "<group>"; };
		0E0410E31F8B61D9003657F8 /* HomeTableViewCell.m */ = {isa = PBXFileReference; fileEncoding = 4; lastKnownFileType = sourcecode.c.objc; path = HomeTableViewCell.m; sourceTree = "<group>"; };
		0E0ADCEA1F7CD22A009232F8 /* ProjectTemplate.app */ = {isa = PBXFileReference; explicitFileType = wrapper.application; includeInIndex = 0; path = ProjectTemplate.app; sourceTree = BUILT_PRODUCTS_DIR; };
		0E0ADCEE1F7CD22A009232F8 /* main.m */ = {isa = PBXFileReference; lastKnownFileType = sourcecode.c.objc; path = main.m; sourceTree = "<group>"; };
		0E0ADCF31F7CD22A009232F8 /* ViewController.h */ = {isa = PBXFileReference; lastKnownFileType = sourcecode.c.h; name = ViewController.h; path = ../ViewController.h; sourceTree = "<group>"; };
		0E0ADCF41F7CD22A009232F8 /* ViewController.m */ = {isa = PBXFileReference; lastKnownFileType = sourcecode.c.objc; name = ViewController.m; path = ../ViewController.m; sourceTree = "<group>"; };
		0E0ADCF71F7CD22A009232F8 /* Base */ = {isa = PBXFileReference; lastKnownFileType = file.storyboard; name = Base; path = Base.lproj/Main.storyboard; sourceTree = "<group>"; };
		0E0ADCF91F7CD22A009232F8 /* Assets.xcassets */ = {isa = PBXFileReference; lastKnownFileType = folder.assetcatalog; path = Assets.xcassets; sourceTree = "<group>"; };
		0E0ADCFC1F7CD22A009232F8 /* Base */ = {isa = PBXFileReference; lastKnownFileType = file.storyboard; name = Base; path = Base.lproj/LaunchScreen.storyboard; sourceTree = "<group>"; };
		0E0ADCFE1F7CD22A009232F8 /* Info.plist */ = {isa = PBXFileReference; lastKnownFileType = text.plist.xml; path = Info.plist; sourceTree = "<group>"; };
		0E0ADD031F7CD22A009232F8 /* ProjectTemplateTests.xctest */ = {isa = PBXFileReference; explicitFileType = wrapper.cfbundle; includeInIndex = 0; path = ProjectTemplateTests.xctest; sourceTree = BUILT_PRODUCTS_DIR; };
		0E0ADD071F7CD22A009232F8 /* ProjectTemplateTests.m */ = {isa = PBXFileReference; lastKnownFileType = sourcecode.c.objc; path = ProjectTemplateTests.m; sourceTree = "<group>"; };
		0E0ADD091F7CD22A009232F8 /* Info.plist */ = {isa = PBXFileReference; lastKnownFileType = text.plist.xml; path = Info.plist; sourceTree = "<group>"; };
		0E0ADD0E1F7CD22A009232F8 /* ProjectTemplateUITests.xctest */ = {isa = PBXFileReference; explicitFileType = wrapper.cfbundle; includeInIndex = 0; path = ProjectTemplateUITests.xctest; sourceTree = BUILT_PRODUCTS_DIR; };
		0E0ADD121F7CD22A009232F8 /* ProjectTemplateUITests.m */ = {isa = PBXFileReference; lastKnownFileType = sourcecode.c.objc; path = ProjectTemplateUITests.m; sourceTree = "<group>"; };
		0E0ADD141F7CD22A009232F8 /* Info.plist */ = {isa = PBXFileReference; lastKnownFileType = text.plist.xml; path = Info.plist; sourceTree = "<group>"; };
		0E0ADD201F7CD28F009232F8 /* PrefixHeader.pch */ = {isa = PBXFileReference; lastKnownFileType = sourcecode.c.h; path = PrefixHeader.pch; sourceTree = "<group>"; };
		0E2B76FB1FCBEE3900524CD3 /* 晴@2x.png */ = {isa = PBXFileReference; lastKnownFileType = image.png; path = "晴@2x.png"; sourceTree = "<group>"; };
		0E2B76FC1FCBEE3900524CD3 /* 小雨@2x.png */ = {isa = PBXFileReference; lastKnownFileType = image.png; path = "小雨@2x.png"; sourceTree = "<group>"; };
		0E2B76FD1FCBEE3900524CD3 /* 晴@3x.png */ = {isa = PBXFileReference; lastKnownFileType = image.png; path = "晴@3x.png"; sourceTree = "<group>"; };
		0E2B76FE1FCBEE3A00524CD3 /* 多云@2x.png */ = {isa = PBXFileReference; lastKnownFileType = image.png; path = "多云@2x.png"; sourceTree = "<group>"; };
		0E2B76FF1FCBEE3C00524CD3 /* 小雨@3x.png */ = {isa = PBXFileReference; lastKnownFileType = image.png; path = "小雨@3x.png"; sourceTree = "<group>"; };
		0E2B77001FCBEE3C00524CD3 /* 多云@3x.png */ = {isa = PBXFileReference; lastKnownFileType = image.png; path = "多云@3x.png"; sourceTree = "<group>"; };
		0E2B77011FCBEE3D00524CD3 /* 大雨@2x.png */ = {isa = PBXFileReference; lastKnownFileType = image.png; path = "大雨@2x.png"; sourceTree = "<group>"; };
		0E2B77021FCBEE3D00524CD3 /* 雪@2x.png */ = {isa = PBXFileReference; lastKnownFileType = image.png; path = "雪@2x.png"; sourceTree = "<group>"; };
		0E2B77031FCBEE3D00524CD3 /* 大雨@3x.png */ = {isa = PBXFileReference; lastKnownFileType = image.png; path = "大雨@3x.png"; sourceTree = "<group>"; };
		0E2B77041FCBEE3E00524CD3 /* 雪@3x.png */ = {isa = PBXFileReference; lastKnownFileType = image.png; path = "雪@3x.png"; sourceTree = "<group>"; };
		0E2B77101FCBF35F00524CD3 /* UIViewController+Present.m */ = {isa = PBXFileReference; fileEncoding = 4; lastKnownFileType = sourcecode.c.objc; path = "UIViewController+Present.m"; sourceTree = "<group>"; };
		0E2B77111FCBF36000524CD3 /* UIViewController+Present.h */ = {isa = PBXFileReference; fileEncoding = 4; lastKnownFileType = sourcecode.c.h; path = "UIViewController+Present.h"; sourceTree = "<group>"; };
		0E2B771A1FCD064200524CD3 /* rightNav.png */ = {isa = PBXFileReference; lastKnownFileType = image.png; path = rightNav.png; sourceTree = "<group>"; };
		0E2B771B1FCD064200524CD3 /* GMmeVC.h */ = {isa = PBXFileReference; fileEncoding = 4; lastKnownFileType = sourcecode.c.h; path = GMmeVC.h; sourceTree = "<group>"; };
		0E2B771C1FCD064300524CD3 /* lagou2.jpeg */ = {isa = PBXFileReference; lastKnownFileType = image.jpeg; path = lagou2.jpeg; sourceTree = "<group>"; };
		0E2B771D1FCD064300524CD3 /* GMinfoVC.m */ = {isa = PBXFileReference; fileEncoding = 4; lastKnownFileType = sourcecode.c.objc; path = GMinfoVC.m; sourceTree = "<group>"; };
		0E2B771E1FCD064300524CD3 /* GMactivityVC.m */ = {isa = PBXFileReference; fileEncoding = 4; lastKnownFileType = sourcecode.c.objc; path = GMactivityVC.m; sourceTree = "<group>"; };
		0E2B771F1FCD064300524CD3 /* GMmainVC.h */ = {isa = PBXFileReference; fileEncoding = 4; lastKnownFileType = sourcecode.c.h; path = GMmainVC.h; sourceTree = "<group>"; };
		0E2B77201FCD064400524CD3 /* GMmainVC.m */ = {isa = PBXFileReference; fileEncoding = 4; lastKnownFileType = sourcecode.c.objc; path = GMmainVC.m; sourceTree = "<group>"; };
		0E2B77211FCD064400524CD3 /* GMactivityVC.h */ = {isa = PBXFileReference; fileEncoding = 4; lastKnownFileType = sourcecode.c.h; path = GMactivityVC.h; sourceTree = "<group>"; };
		0E2B77221FCD064400524CD3 /* lagou1.jpeg */ = {isa = PBXFileReference; lastKnownFileType = image.jpeg; path = lagou1.jpeg; sourceTree = "<group>"; };
		0E2B77231FCD064500524CD3 /* lagou3.jpeg */ = {isa = PBXFileReference; lastKnownFileType = image.jpeg; path = lagou3.jpeg; sourceTree = "<group>"; };
		0E2B77241FCD064500524CD3 /* GMinfoVC.h */ = {isa = PBXFileReference; fileEncoding = 4; lastKnownFileType = sourcecode.c.h; path = GMinfoVC.h; sourceTree = "<group>"; };
		0E2B77251FCD064500524CD3 /* GMmeVC.m */ = {isa = PBXFileReference; fileEncoding = 4; lastKnownFileType = sourcecode.c.objc; path = GMmeVC.m; sourceTree = "<group>"; };
		0E2B77261FCD064500524CD3 /* lagou0.jpeg */ = {isa = PBXFileReference; lastKnownFileType = image.jpeg; path = lagou0.jpeg; sourceTree = "<group>"; };
		0E2B77331FCD07CF00524CD3 /* GMHomeRequest.h */ = {isa = PBXFileReference; lastKnownFileType = sourcecode.c.h; path = GMHomeRequest.h; sourceTree = "<group>"; };
		0E2B77341FCD07CF00524CD3 /* GMHomeRequest.m */ = {isa = PBXFileReference; lastKnownFileType = sourcecode.c.objc; path = GMHomeRequest.m; sourceTree = "<group>"; };
		0E2B77361FCD09A000524CD3 /* AppDelegate+AppService.h */ = {isa = PBXFileReference; fileEncoding = 4; lastKnownFileType = sourcecode.c.h; path = "AppDelegate+AppService.h"; sourceTree = "<group>"; };
		0E2B77371FCD09A000524CD3 /* AppDelegate.m */ = {isa = PBXFileReference; fileEncoding = 4; lastKnownFileType = sourcecode.c.objc; path = AppDelegate.m; sourceTree = "<group>"; };
		0E2B77381FCD09A100524CD3 /* AppDelegate.h */ = {isa = PBXFileReference; fileEncoding = 4; lastKnownFileType = sourcecode.c.h; path = AppDelegate.h; sourceTree = "<group>"; };
		0E2B77391FCD09A100524CD3 /* AppDelegate+AppService.m */ = {isa = PBXFileReference; fileEncoding = 4; lastKnownFileType = sourcecode.c.objc; path = "AppDelegate+AppService.m"; sourceTree = "<group>"; };
		0E42910F1FCF084F007C77FF /* QuartzCore.framework */ = {isa = PBXFileReference; lastKnownFileType = wrapper.framework; name = QuartzCore.framework; path = System/Library/Frameworks/QuartzCore.framework; sourceTree = SDKROOT; };
		0E4291101FCF0862007C77FF /* CoreText.framework */ = {isa = PBXFileReference; lastKnownFileType = wrapper.framework; name = CoreText.framework; path = System/Library/Frameworks/CoreText.framework; sourceTree = SDKROOT; };
		0E4291111FCF976A007C77FF /* ShareContentItem.m */ = {isa = PBXFileReference; fileEncoding = 4; lastKnownFileType = sourcecode.c.objc; path = ShareContentItem.m; sourceTree = "<group>"; };
		0E4291121FCF976A007C77FF /* ShareContentItem.h */ = {isa = PBXFileReference; fileEncoding = 4; lastKnownFileType = sourcecode.c.h; path = ShareContentItem.h; sourceTree = "<group>"; };
		0E95DC241FCBA53600F5557D /* WRImageHelper.h */ = {isa = PBXFileReference; fileEncoding = 4; lastKnownFileType = sourcecode.c.h; path = WRImageHelper.h; sourceTree = "<group>"; };
		0E95DC251FCBA53600F5557D /* WRImageHelper.m */ = {isa = PBXFileReference; fileEncoding = 4; lastKnownFileType = sourcecode.c.objc; path = WRImageHelper.m; sourceTree = "<group>"; };
		0E95DC371FCBB57800F5557D /* TAAbstractDotView.h */ = {isa = PBXFileReference; fileEncoding = 4; lastKnownFileType = sourcecode.c.h; path = TAAbstractDotView.h; sourceTree = "<group>"; };
		0E95DC381FCBB57800F5557D /* TAAbstractDotView.m */ = {isa = PBXFileReference; fileEncoding = 4; lastKnownFileType = sourcecode.c.objc; path = TAAbstractDotView.m; sourceTree = "<group>"; };
		0E95DC391FCBB57800F5557D /* TAAnimatedDotView.h */ = {isa = PBXFileReference; fileEncoding = 4; lastKnownFileType = sourcecode.c.h; path = TAAnimatedDotView.h; sourceTree = "<group>"; };
		0E95DC3A1FCBB57800F5557D /* TAAnimatedDotView.m */ = {isa = PBXFileReference; fileEncoding = 4; lastKnownFileType = sourcecode.c.objc; path = TAAnimatedDotView.m; sourceTree = "<group>"; };
		0E95DC3B1FCBB57800F5557D /* TADotView.h */ = {isa = PBXFileReference; fileEncoding = 4; lastKnownFileType = sourcecode.c.h; path = TADotView.h; sourceTree = "<group>"; };
		0E95DC3C1FCBB57800F5557D /* TADotView.m */ = {isa = PBXFileReference; fileEncoding = 4; lastKnownFileType = sourcecode.c.objc; path = TADotView.m; sourceTree = "<group>"; };
		0E95DC3D1FCBB57800F5557D /* TAPageControl.h */ = {isa = PBXFileReference; fileEncoding = 4; lastKnownFileType = sourcecode.c.h; path = TAPageControl.h; sourceTree = "<group>"; };
		0E95DC3E1FCBB57800F5557D /* TAPageControl.m */ = {isa = PBXFileReference; fileEncoding = 4; lastKnownFileType = sourcecode.c.objc; path = TAPageControl.m; sourceTree = "<group>"; };
		0E95DC3F1FCBB57800F5557D /* SDCollectionViewCell.h */ = {isa = PBXFileReference; fileEncoding = 4; lastKnownFileType = sourcecode.c.h; path = SDCollectionViewCell.h; sourceTree = "<group>"; };
		0E95DC401FCBB57800F5557D /* SDCollectionViewCell.m */ = {isa = PBXFileReference; fileEncoding = 4; lastKnownFileType = sourcecode.c.objc; path = SDCollectionViewCell.m; sourceTree = "<group>"; };
		0E95DC411FCBB57800F5557D /* SDCycleScrollView.h */ = {isa = PBXFileReference; fileEncoding = 4; lastKnownFileType = sourcecode.c.h; path = SDCycleScrollView.h; sourceTree = "<group>"; };
		0E95DC421FCBB57800F5557D /* SDCycleScrollView.m */ = {isa = PBXFileReference; fileEncoding = 4; lastKnownFileType = sourcecode.c.objc; path = SDCycleScrollView.m; sourceTree = "<group>"; };
		0E95DC431FCBB57800F5557D /* UIView+SDExtension.h */ = {isa = PBXFileReference; fileEncoding = 4; lastKnownFileType = sourcecode.c.h; path = "UIView+SDExtension.h"; sourceTree = "<group>"; };
		0E95DC441FCBB57800F5557D /* UIView+SDExtension.m */ = {isa = PBXFileReference; fileEncoding = 4; lastKnownFileType = sourcecode.c.objc; path = "UIView+SDExtension.m"; sourceTree = "<group>"; };
		0ECAA8891FCD0DAE00EA3AA0 /* GMhomeModel.h */ = {isa = PBXFileReference; lastKnownFileType = sourcecode.c.h; path = GMhomeModel.h; sourceTree = "<group>"; };
		0ECAA88A1FCD0DAE00EA3AA0 /* GMhomeModel.m */ = {isa = PBXFileReference; lastKnownFileType = sourcecode.c.objc; path = GMhomeModel.m; sourceTree = "<group>"; };
		0ECAA88C1FCD0F9100EA3AA0 /* GMhomeBannerModel.h */ = {isa = PBXFileReference; lastKnownFileType = sourcecode.c.h; path = GMhomeBannerModel.h; sourceTree = "<group>"; };
		0ECAA88D1FCD0F9100EA3AA0 /* GMhomeBannerModel.m */ = {isa = PBXFileReference; lastKnownFileType = sourcecode.c.objc; path = GMhomeBannerModel.m; sourceTree = "<group>"; };
		0ECAA88F1FCD2D6C00EA3AA0 /* search@3x.png */ = {isa = PBXFileReference; lastKnownFileType = image.png; path = "search@3x.png"; sourceTree = "<group>"; };
		0ECAA8911FCD393700EA3AA0 /* GMhomeBlockModel.h */ = {isa = PBXFileReference; lastKnownFileType = sourcecode.c.h; path = GMhomeBlockModel.h; sourceTree = "<group>"; };
		0ECAA8921FCD393700EA3AA0 /* GMhomeBlockModel.m */ = {isa = PBXFileReference; lastKnownFileType = sourcecode.c.objc; path = GMhomeBlockModel.m; sourceTree = "<group>"; };
		0ECAA8941FCD3D1E00EA3AA0 /* GMhomeRecommendModel.h */ = {isa = PBXFileReference; lastKnownFileType = sourcecode.c.h; path = GMhomeRecommendModel.h; sourceTree = "<group>"; };
		0ECAA8951FCD3D1E00EA3AA0 /* GMhomeRecommendModel.m */ = {isa = PBXFileReference; lastKnownFileType = sourcecode.c.objc; path = GMhomeRecommendModel.m; sourceTree = "<group>"; };
		0ECAA8981FCD480700EA3AA0 /* GMgiftVC.h */ = {isa = PBXFileReference; lastKnownFileType = sourcecode.c.h; path = GMgiftVC.h; sourceTree = "<group>"; };
		0ECAA8991FCD480700EA3AA0 /* GMgiftVC.m */ = {isa = PBXFileReference; lastKnownFileType = sourcecode.c.objc; path = GMgiftVC.m; sourceTree = "<group>"; };
		0ECAA89C1FCD54DB00EA3AA0 /* GMhomeCateCollectCell.h */ = {isa = PBXFileReference; lastKnownFileType = sourcecode.c.h; path = GMhomeCateCollectCell.h; sourceTree = "<group>"; };
		0ECAA89D1FCD54DB00EA3AA0 /* GMhomeCateCollectCell.m */ = {isa = PBXFileReference; lastKnownFileType = sourcecode.c.objc; path = GMhomeCateCollectCell.m; sourceTree = "<group>"; };
		0ECAA89F1FCD62AD00EA3AA0 /* TencentOpenAPI.framework */ = {isa = PBXFileReference; lastKnownFileType = wrapper.framework; path = TencentOpenAPI.framework; sourceTree = "<group>"; };
		0ECAA8A11FCD63FB00EA3AA0 /* SystemConfiguration.framework */ = {isa = PBXFileReference; lastKnownFileType = wrapper.framework; name = SystemConfiguration.framework; path = System/Library/Frameworks/SystemConfiguration.framework; sourceTree = SDKROOT; };
		0ECAA8A21FCD64A800EA3AA0 /* Security.framework */ = {isa = PBXFileReference; lastKnownFileType = wrapper.framework; name = Security.framework; path = System/Library/Frameworks/Security.framework; sourceTree = SDKROOT; };
		0ECAA8A31FCD64BB00EA3AA0 /* CoreTelephony.framework */ = {isa = PBXFileReference; lastKnownFileType = wrapper.framework; name = CoreTelephony.framework; path = System/Library/Frameworks/CoreTelephony.framework; sourceTree = SDKROOT; };
		0ECAA8A41FCD64C300EA3AA0 /* CoreGraphics.framework */ = {isa = PBXFileReference; lastKnownFileType = wrapper.framework; name = CoreGraphics.framework; path = System/Library/Frameworks/CoreGraphics.framework; sourceTree = SDKROOT; };
		0ECAA8A51FCD64D400EA3AA0 /* libiconv.tbd */ = {isa = PBXFileReference; lastKnownFileType = "sourcecode.text-based-dylib-definition"; name = libiconv.tbd; path = usr/lib/libiconv.tbd; sourceTree = SDKROOT; };
		0ECAA8A71FCD650600EA3AA0 /* libsqlite3.tbd */ = {isa = PBXFileReference; lastKnownFileType = "sourcecode.text-based-dylib-definition"; name = libsqlite3.tbd; path = usr/lib/libsqlite3.tbd; sourceTree = SDKROOT; };
		0ECAA8A91FCD651100EA3AA0 /* libsqlite3.0.tbd */ = {isa = PBXFileReference; lastKnownFileType = "sourcecode.text-based-dylib-definition"; name = libsqlite3.0.tbd; path = usr/lib/libsqlite3.0.tbd; sourceTree = SDKROOT; };
		0ECAA8AB1FCD651D00EA3AA0 /* libz.tbd */ = {isa = PBXFileReference; lastKnownFileType = "sourcecode.text-based-dylib-definition"; name = libz.tbd; path = usr/lib/libz.tbd; sourceTree = SDKROOT; };
		0ECAA8AD1FCD652B00EA3AA0 /* libstdc++.tbd */ = {isa = PBXFileReference; lastKnownFileType = "sourcecode.text-based-dylib-definition"; name = "libstdc++.tbd"; path = "usr/lib/libstdc++.tbd"; sourceTree = SDKROOT; };
		0ECAA8B91FCE690700EA3AA0 /* GMloadType.h */ = {isa = PBXFileReference; lastKnownFileType = sourcecode.c.h; path = GMloadType.h; sourceTree = "<group>"; };
		0ECAA8BA1FCE690700EA3AA0 /* GMloadType.m */ = {isa = PBXFileReference; lastKnownFileType = sourcecode.c.objc; path = GMloadType.m; sourceTree = "<group>"; };
		0ECDC7DB1FCAF9D200FA4424 /* WRCustomNavigationBar.h */ = {isa = PBXFileReference; fileEncoding = 4; lastKnownFileType = sourcecode.c.h; path = WRCustomNavigationBar.h; sourceTree = "<group>"; };
		0ECDC7DC1FCAF9D200FA4424 /* WRCustomNavigationBar.m */ = {isa = PBXFileReference; fileEncoding = 4; lastKnownFileType = sourcecode.c.objc; path = WRCustomNavigationBar.m; sourceTree = "<group>"; };
		0ECDC7DD1FCAF9D200FA4424 /* WRNavigationBar.h */ = {isa = PBXFileReference; fileEncoding = 4; lastKnownFileType = sourcecode.c.h; path = WRNavigationBar.h; sourceTree = "<group>"; };
		0ECDC7DE1FCAF9D200FA4424 /* WRNavigationBar.m */ = {isa = PBXFileReference; fileEncoding = 4; lastKnownFileType = sourcecode.c.objc; path = WRNavigationBar.m; sourceTree = "<group>"; };
		65A1FE9D5704539AB8B5446B /* libPods-ProjectTemplate.a */ = {isa = PBXFileReference; explicitFileType = archive.ar; includeInIndex = 0; path = "libPods-ProjectTemplate.a"; sourceTree = BUILT_PRODUCTS_DIR; };
/* End PBXFileReference section */

/* Begin PBXFrameworksBuildPhase section */
		0E0ADCE71F7CD22A009232F8 /* Frameworks */ = {
			isa = PBXFrameworksBuildPhase;
			buildActionMask = 2147483647;
			files = (
				0ECAA8A61FCD64D500EA3AA0 /* libiconv.tbd in Frameworks */,
				0ECAA8AC1FCD651D00EA3AA0 /* libz.tbd in Frameworks */,
				EEBB49B88E9392129531F431 /* libPods-ProjectTemplate.a in Frameworks */,
				0ECAA8A81FCD650600EA3AA0 /* libsqlite3.tbd in Frameworks */,
				0ECAA8AA1FCD651100EA3AA0 /* libsqlite3.0.tbd in Frameworks */,
				0ECAA8AE1FCD652C00EA3AA0 /* libstdc++.tbd in Frameworks */,
				0ECAA8A01FCD62AD00EA3AA0 /* TencentOpenAPI.framework in Frameworks */,
			);
			runOnlyForDeploymentPostprocessing = 0;
		};
		0E0ADD001F7CD22A009232F8 /* Frameworks */ = {
			isa = PBXFrameworksBuildPhase;
			buildActionMask = 2147483647;
			files = (
			);
			runOnlyForDeploymentPostprocessing = 0;
		};
		0E0ADD0B1F7CD22A009232F8 /* Frameworks */ = {
			isa = PBXFrameworksBuildPhase;
			buildActionMask = 2147483647;
			files = (
			);
			runOnlyForDeploymentPostprocessing = 0;
		};
/* End PBXFrameworksBuildPhase section */

/* Begin PBXGroup section */
		0E04107A1F7CD60A003657F8 /* Base */ = {
			isa = PBXGroup;
			children = (
				0E2B77021FCBEE3D00524CD3 /* 雪@2x.png */,
				0E2B77041FCBEE3E00524CD3 /* 雪@3x.png */,
				0E2B76FC1FCBEE3900524CD3 /* 小雨@2x.png */,
				0E2B76FF1FCBEE3C00524CD3 /* 小雨@3x.png */,
				0E2B76FB1FCBEE3900524CD3 /* 晴@2x.png */,
				0E2B76FD1FCBEE3900524CD3 /* 晴@3x.png */,
				0E2B76FE1FCBEE3A00524CD3 /* 多云@2x.png */,
				0E2B77001FCBEE3C00524CD3 /* 多云@3x.png */,
				0E2B77011FCBEE3D00524CD3 /* 大雨@2x.png */,
				0E2B77031FCBEE3D00524CD3 /* 大雨@3x.png */,
				0ECAA88F1FCD2D6C00EA3AA0 /* search@3x.png */,
				0E04107F1F7CD73B003657F8 /* rootVC */,
				0E04107E1F7CD71E003657F8 /* model */,
			);
			path = Base;
			sourceTree = "<group>";
		};
		0E04107E1F7CD71E003657F8 /* model */ = {
			isa = PBXGroup;
			children = (
				0E04107B1F7CD62B003657F8 /* baseModel.h */,
				0E04107C1F7CD62B003657F8 /* baseModel.m */,
			);
			path = model;
			sourceTree = "<group>";
		};
		0E04107F1F7CD73B003657F8 /* rootVC */ = {
			isa = PBXGroup;
			children = (
				0E0410851F7CDEAE003657F8 /* TabRoot */,
				0E0410841F7CDE8E003657F8 /* NaviRoot */,
				0E0410831F7CDE6C003657F8 /* VcRoot */,
			);
			path = rootVC;
			sourceTree = "<group>";
		};
		0E0410831F7CDE6C003657F8 /* VcRoot */ = {
			isa = PBXGroup;
			children = (
				0E0410801F7CD78F003657F8 /* RootBaseVC.h */,
				0E0410811F7CD78F003657F8 /* RootBaseVC.m */,
			);
			name = VcRoot;
			path = Controller;
			sourceTree = "<group>";
		};
		0E0410841F7CDE8E003657F8 /* NaviRoot */ = {
			isa = PBXGroup;
			children = (
				0E0410861F7CDF02003657F8 /* RootBaseNav.h */,
				0E0410871F7CDF02003657F8 /* RootBaseNav.m */,
			);
			path = NaviRoot;
			sourceTree = "<group>";
		};
		0E0410851F7CDEAE003657F8 /* TabRoot */ = {
			isa = PBXGroup;
			children = (
				0E0410891F7CDFAF003657F8 /* RootBaseBar.h */,
				0E04108A1F7CDFAF003657F8 /* RootBaseBar.m */,
			);
			path = TabRoot;
			sourceTree = "<group>";
		};
		0E04108C1F7CE85E003657F8 /* Utils */ = {
			isa = PBXGroup;
			children = (
				0ECAA8881FCD0BBC00EA3AA0 /* GesterRecognizer */,
				0E2B770F1FCBF2BE00524CD3 /* GMIconChange */,
				0E95DC351FCBB57800F5557D /* SDCycleScrollView */,
				0E95DC231FCBA53600F5557D /* WRImageHelper */,
				0ECDC7DA1FCAF9D200FA4424 /* WRNavigationBar */,
				0E0410991F7CEFEF003657F8 /* MBProgressHUD */,
				0E04108D1F7CE897003657F8 /* OpenUDID */,
			);
			path = Utils;
			sourceTree = "<group>";
		};
		0E04108D1F7CE897003657F8 /* OpenUDID */ = {
			isa = PBXGroup;
			children = (
				0E04108E1F7CE8A4003657F8 /* OpenUDID.h */,
				0E04108F1F7CE8A4003657F8 /* OpenUDID.m */,
			);
			path = OpenUDID;
			sourceTree = "<group>";
		};
		0E0410991F7CEFEF003657F8 /* MBProgressHUD */ = {
			isa = PBXGroup;
			children = (
				0E04109D1F7CF0A4003657F8 /* MBProgressHUD+MB.h */,
				0E04109E1F7CF0A4003657F8 /* MBProgressHUD+MB.m */,
			);
			path = MBProgressHUD;
			sourceTree = "<group>";
		};
		0E0410A61F7D0716003657F8 /* Define */ = {
			isa = PBXGroup;
			children = (
				0E0410941F7CEC38003657F8 /* UtilsMacros.h */,
				0E0410951F7CEC38003657F8 /* URLMacros.h */,
				0E0410961F7CEC38003657F8 /* CommonMacros.h */,
				0E0410971F7CEC38003657F8 /* FontAndColorMacros.h */,
				0E0410981F7CEC38003657F8 /* ThirdMacros.h */,
			);
			path = Define;
			sourceTree = "<group>";
		};
		0E0410A71F7D072E003657F8 /* Request */ = {
			isa = PBXGroup;
			children = (
				0E0410A01F7D0653003657F8 /* RequestManager.h */,
				0E0410A11F7D0653003657F8 /* RequestManager.m */,
				0E0410A21F7D0653003657F8 /* UIImage+CompressImage.h */,
				0E0410A31F7D0653003657F8 /* UIImage+CompressImage.m */,
			);
			path = Request;
			sourceTree = "<group>";
		};
		0E0410D81F8B4905003657F8 /* view */ = {
			isa = PBXGroup;
			children = (
				0E0410E21F8B61D9003657F8 /* HomeTableViewCell.h */,
				0E0410E31F8B61D9003657F8 /* HomeTableViewCell.m */,
			);
			path = view;
			sourceTree = "<group>";
		};
		0E0410D91F8B4913003657F8 /* model */ = {
			isa = PBXGroup;
			children = (
				0E0410DC1F8B4994003657F8 /* model.h */,
				0E0410DD1F8B4994003657F8 /* model.m */,
			);
			path = model;
			sourceTree = "<group>";
		};
		0E0410DA1F8B4930003657F8 /* viewmodel */ = {
			isa = PBXGroup;
			children = (
				0E0410DF1F8B4A3D003657F8 /* viewModel.h */,
				0E0410E01F8B4A3D003657F8 /* viewModel.m */,
			);
			path = viewmodel;
			sourceTree = "<group>";
		};
		0E0410DB1F8B4965003657F8 /* viewController */ = {
			isa = PBXGroup;
			children = (
				0E0ADCF31F7CD22A009232F8 /* ViewController.h */,
				0E0ADCF41F7CD22A009232F8 /* ViewController.m */,
			);
			path = viewController;
			sourceTree = "<group>";
		};
		0E0ADCE11F7CD22A009232F8 = {
			isa = PBXGroup;
			children = (
				0E0ADCEC1F7CD22A009232F8 /* ProjectTemplate */,
				0E0ADD061F7CD22A009232F8 /* ProjectTemplateTests */,
				0E0ADD111F7CD22A009232F8 /* ProjectTemplateUITests */,
				0E0ADCEB1F7CD22A009232F8 /* Products */,
				583817AB19F75C03873AF3CE /* Pods */,
				239F2425AE866A23533FD4F8 /* Frameworks */,
			);
			sourceTree = "<group>";
		};
		0E0ADCEB1F7CD22A009232F8 /* Products */ = {
			isa = PBXGroup;
			children = (
				0E0ADCEA1F7CD22A009232F8 /* ProjectTemplate.app */,
				0E0ADD031F7CD22A009232F8 /* ProjectTemplateTests.xctest */,
				0E0ADD0E1F7CD22A009232F8 /* ProjectTemplateUITests.xctest */,
			);
			name = Products;
			sourceTree = "<group>";
		};
		0E0ADCEC1F7CD22A009232F8 /* ProjectTemplate */ = {
			isa = PBXGroup;
			children = (
				0ECAA8971FCD47DC00EA3AA0 /* GiftGroup */,
				0E0410A71F7D072E003657F8 /* Request */,
				0E04107A1F7CD60A003657F8 /* Base */,
				0ECAA8831FCD0A7700EA3AA0 /* Appdelegate */,
				0ECAA8871FCD0B3F00EA3AA0 /* ImageGroup */,
				0ECAA8861FCD0B1E00EA3AA0 /* ActivityGroup */,
				0ECAA8851FCD0ACC00EA3AA0 /* MeGroup */,
				0ECAA8841FCD0AAA00EA3AA0 /* InfoGroup */,
				0E2B77151FCD046900524CD3 /* MainGroup */,
				0E0410DB1F8B4965003657F8 /* viewController */,
				0E0410DA1F8B4930003657F8 /* viewmodel */,
				0E0410D91F8B4913003657F8 /* model */,
				0E0410D81F8B4905003657F8 /* view */,
				0E0410A61F7D0716003657F8 /* Define */,
				0E04108C1F7CE85E003657F8 /* Utils */,
				0E0ADCF61F7CD22A009232F8 /* Main.storyboard */,
				0ECAA8B81FCE68DF00EA3AA0 /* LoadShearGroup */,
				0E0ADCF91F7CD22A009232F8 /* Assets.xcassets */,
				0E0ADCFB1F7CD22A009232F8 /* LaunchScreen.storyboard */,
				0E0ADCFE1F7CD22A009232F8 /* Info.plist */,
				0E0ADD201F7CD28F009232F8 /* PrefixHeader.pch */,
				0E0ADCED1F7CD22A009232F8 /* Supporting Files */,
			);
			path = ProjectTemplate;
			sourceTree = "<group>";
		};
		0E0ADCED1F7CD22A009232F8 /* Supporting Files */ = {
			isa = PBXGroup;
			children = (
				0E0ADCEE1F7CD22A009232F8 /* main.m */,
			);
			name = "Supporting Files";
			sourceTree = "<group>";
		};
		0E0ADD061F7CD22A009232F8 /* ProjectTemplateTests */ = {
			isa = PBXGroup;
			children = (
				0E0ADD071F7CD22A009232F8 /* ProjectTemplateTests.m */,
				0E0ADD091F7CD22A009232F8 /* Info.plist */,
			);
			path = ProjectTemplateTests;
			sourceTree = "<group>";
		};
		0E0ADD111F7CD22A009232F8 /* ProjectTemplateUITests */ = {
			isa = PBXGroup;
			children = (
				0E0ADD121F7CD22A009232F8 /* ProjectTemplateUITests.m */,
				0E0ADD141F7CD22A009232F8 /* Info.plist */,
			);
			path = ProjectTemplateUITests;
			sourceTree = "<group>";
		};
		0E2B770F1FCBF2BE00524CD3 /* GMIconChange */ = {
			isa = PBXGroup;
			children = (
				0E2B77111FCBF36000524CD3 /* UIViewController+Present.h */,
				0E2B77101FCBF35F00524CD3 /* UIViewController+Present.m */,
			);
			path = GMIconChange;
			sourceTree = "<group>";
		};
		0E2B77151FCD046900524CD3 /* MainGroup */ = {
			isa = PBXGroup;
			children = (
				0ECAA89B1FCD54A700EA3AA0 /* view */,
				0E2B77321FCD076900524CD3 /* model */,
				0E2B77311FCD075400524CD3 /* viewcontroller */,
				0E2B77301FCD074F00524CD3 /* viewmodel */,
			);
			path = MainGroup;
			sourceTree = "<group>";
		};
		0E2B77301FCD074F00524CD3 /* viewmodel */ = {
			isa = PBXGroup;
			children = (
				0E2B77331FCD07CF00524CD3 /* GMHomeRequest.h */,
				0E2B77341FCD07CF00524CD3 /* GMHomeRequest.m */,
			);
			path = viewmodel;
			sourceTree = "<group>";
		};
		0E2B77311FCD075400524CD3 /* viewcontroller */ = {
			isa = PBXGroup;
			children = (
				0E2B771F1FCD064300524CD3 /* GMmainVC.h */,
				0E2B77201FCD064400524CD3 /* GMmainVC.m */,
			);
			path = viewcontroller;
			sourceTree = "<group>";
		};
		0E2B77321FCD076900524CD3 /* model */ = {
			isa = PBXGroup;
			children = (
				0ECAA8891FCD0DAE00EA3AA0 /* GMhomeModel.h */,
				0ECAA88A1FCD0DAE00EA3AA0 /* GMhomeModel.m */,
				0ECAA88C1FCD0F9100EA3AA0 /* GMhomeBannerModel.h */,
				0ECAA88D1FCD0F9100EA3AA0 /* GMhomeBannerModel.m */,
				0ECAA8911FCD393700EA3AA0 /* GMhomeBlockModel.h */,
				0ECAA8921FCD393700EA3AA0 /* GMhomeBlockModel.m */,
				0ECAA8941FCD3D1E00EA3AA0 /* GMhomeRecommendModel.h */,
				0ECAA8951FCD3D1E00EA3AA0 /* GMhomeRecommendModel.m */,
			);
			path = model;
			sourceTree = "<group>";
		};
		0E95DC231FCBA53600F5557D /* WRImageHelper */ = {
			isa = PBXGroup;
			children = (
				0E95DC241FCBA53600F5557D /* WRImageHelper.h */,
				0E95DC251FCBA53600F5557D /* WRImageHelper.m */,
			);
			path = WRImageHelper;
			sourceTree = "<group>";
		};
		0E95DC351FCBB57800F5557D /* SDCycleScrollView */ = {
			isa = PBXGroup;
			children = (
				0E95DC361FCBB57800F5557D /* PageControl */,
				0E95DC3F1FCBB57800F5557D /* SDCollectionViewCell.h */,
				0E95DC401FCBB57800F5557D /* SDCollectionViewCell.m */,
				0E95DC411FCBB57800F5557D /* SDCycleScrollView.h */,
				0E95DC421FCBB57800F5557D /* SDCycleScrollView.m */,
				0E95DC431FCBB57800F5557D /* UIView+SDExtension.h */,
				0E95DC441FCBB57800F5557D /* UIView+SDExtension.m */,
			);
			path = SDCycleScrollView;
			sourceTree = "<group>";
		};
		0E95DC361FCBB57800F5557D /* PageControl */ = {
			isa = PBXGroup;
			children = (
				0E95DC371FCBB57800F5557D /* TAAbstractDotView.h */,
				0E95DC381FCBB57800F5557D /* TAAbstractDotView.m */,
				0E95DC391FCBB57800F5557D /* TAAnimatedDotView.h */,
				0E95DC3A1FCBB57800F5557D /* TAAnimatedDotView.m */,
				0E95DC3B1FCBB57800F5557D /* TADotView.h */,
				0E95DC3C1FCBB57800F5557D /* TADotView.m */,
				0E95DC3D1FCBB57800F5557D /* TAPageControl.h */,
				0E95DC3E1FCBB57800F5557D /* TAPageControl.m */,
			);
			path = PageControl;
			sourceTree = "<group>";
		};
		0ECAA8831FCD0A7700EA3AA0 /* Appdelegate */ = {
			isa = PBXGroup;
			children = (
				0E2B77381FCD09A100524CD3 /* AppDelegate.h */,
				0E2B77371FCD09A000524CD3 /* AppDelegate.m */,
				0E2B77361FCD09A000524CD3 /* AppDelegate+AppService.h */,
				0E2B77391FCD09A100524CD3 /* AppDelegate+AppService.m */,
			);
			path = Appdelegate;
			sourceTree = "<group>";
		};
		0ECAA8841FCD0AAA00EA3AA0 /* InfoGroup */ = {
			isa = PBXGroup;
			children = (
				0E2B77241FCD064500524CD3 /* GMinfoVC.h */,
				0E2B771D1FCD064300524CD3 /* GMinfoVC.m */,
			);
			path = InfoGroup;
			sourceTree = "<group>";
		};
		0ECAA8851FCD0ACC00EA3AA0 /* MeGroup */ = {
			isa = PBXGroup;
			children = (
				0E2B771B1FCD064200524CD3 /* GMmeVC.h */,
				0E2B77251FCD064500524CD3 /* GMmeVC.m */,
			);
			path = MeGroup;
			sourceTree = "<group>";
		};
		0ECAA8861FCD0B1E00EA3AA0 /* ActivityGroup */ = {
			isa = PBXGroup;
			children = (
				0E2B77211FCD064400524CD3 /* GMactivityVC.h */,
				0E2B771E1FCD064300524CD3 /* GMactivityVC.m */,
			);
			path = ActivityGroup;
			sourceTree = "<group>";
		};
		0ECAA8871FCD0B3F00EA3AA0 /* ImageGroup */ = {
			isa = PBXGroup;
			children = (
				0E2B77261FCD064500524CD3 /* lagou0.jpeg */,
				0E2B77221FCD064400524CD3 /* lagou1.jpeg */,
				0E2B771C1FCD064300524CD3 /* lagou2.jpeg */,
				0E2B77231FCD064500524CD3 /* lagou3.jpeg */,
				0E2B771A1FCD064200524CD3 /* rightNav.png */,
			);
			path = ImageGroup;
			sourceTree = "<group>";
		};
		0ECAA8881FCD0BBC00EA3AA0 /* GesterRecognizer */ = {
			isa = PBXGroup;
			children = (
				0E0410A91F8B0E51003657F8 /* UITapGestureRecognizer+Block.h */,
				0E0410AA1F8B0E51003657F8 /* UITapGestureRecognizer+Block.m */,
			);
			path = GesterRecognizer;
			sourceTree = "<group>";
		};
		0ECAA8971FCD47DC00EA3AA0 /* GiftGroup */ = {
			isa = PBXGroup;
			children = (
				0ECAA8981FCD480700EA3AA0 /* GMgiftVC.h */,
				0ECAA8991FCD480700EA3AA0 /* GMgiftVC.m */,
			);
			path = GiftGroup;
			sourceTree = "<group>";
		};
		0ECAA89B1FCD54A700EA3AA0 /* view */ = {
			isa = PBXGroup;
			children = (
				0ECAA89C1FCD54DB00EA3AA0 /* GMhomeCateCollectCell.h */,
				0ECAA89D1FCD54DB00EA3AA0 /* GMhomeCateCollectCell.m */,
			);
			path = view;
			sourceTree = "<group>";
		};
		0ECAA8B81FCE68DF00EA3AA0 /* LoadShearGroup */ = {
			isa = PBXGroup;
			children = (
				0ECAA8B91FCE690700EA3AA0 /* GMloadType.h */,
				0ECAA8BA1FCE690700EA3AA0 /* GMloadType.m */,
				0E4291121FCF976A007C77FF /* ShareContentItem.h */,
				0E4291111FCF976A007C77FF /* ShareContentItem.m */,
			);
			path = LoadShearGroup;
			sourceTree = "<group>";
		};
		0ECDC7DA1FCAF9D200FA4424 /* WRNavigationBar */ = {
			isa = PBXGroup;
			children = (
				0ECDC7DB1FCAF9D200FA4424 /* WRCustomNavigationBar.h */,
				0ECDC7DC1FCAF9D200FA4424 /* WRCustomNavigationBar.m */,
				0ECDC7DD1FCAF9D200FA4424 /* WRNavigationBar.h */,
				0ECDC7DE1FCAF9D200FA4424 /* WRNavigationBar.m */,
			);
			path = WRNavigationBar;
			sourceTree = "<group>";
		};
		239F2425AE866A23533FD4F8 /* Frameworks */ = {
			isa = PBXGroup;
			children = (
				0E4291101FCF0862007C77FF /* CoreText.framework */,
				0E42910F1FCF084F007C77FF /* QuartzCore.framework */,
				0ECAA8AD1FCD652B00EA3AA0 /* libstdc++.tbd */,
				0ECAA8AB1FCD651D00EA3AA0 /* libz.tbd */,
				0ECAA8A91FCD651100EA3AA0 /* libsqlite3.0.tbd */,
				0ECAA8A71FCD650600EA3AA0 /* libsqlite3.tbd */,
				0ECAA8A51FCD64D400EA3AA0 /* libiconv.tbd */,
				0ECAA8A41FCD64C300EA3AA0 /* CoreGraphics.framework */,
				0ECAA8A31FCD64BB00EA3AA0 /* CoreTelephony.framework */,
				0ECAA8A21FCD64A800EA3AA0 /* Security.framework */,
				0ECAA8A11FCD63FB00EA3AA0 /* SystemConfiguration.framework */,
				0ECAA89F1FCD62AD00EA3AA0 /* TencentOpenAPI.framework */,
				65A1FE9D5704539AB8B5446B /* libPods-ProjectTemplate.a */,
			);
			name = Frameworks;
			sourceTree = "<group>";
		};
		583817AB19F75C03873AF3CE /* Pods */ = {
			isa = PBXGroup;
			children = (
				05794AB52E0AA51D77949FC5 /* Pods-ProjectTemplate.debug.xcconfig */,
				03397658B930F37387651DA7 /* Pods-ProjectTemplate.release.xcconfig */,
			);
			name = Pods;
			sourceTree = "<group>";
		};
/* End PBXGroup section */

/* Begin PBXNativeTarget section */
		0E0ADCE91F7CD22A009232F8 /* ProjectTemplate */ = {
			isa = PBXNativeTarget;
			buildConfigurationList = 0E0ADD171F7CD22A009232F8 /* Build configuration list for PBXNativeTarget "ProjectTemplate" */;
			buildPhases = (
				5FB43BEDEBFF0557E9E01B44 /* [CP] Check Pods Manifest.lock */,
				0E0ADCE61F7CD22A009232F8 /* Sources */,
				0E0ADCE71F7CD22A009232F8 /* Frameworks */,
				0E0ADCE81F7CD22A009232F8 /* Resources */,
				BB35BCFC4DFF8CD2334C6E5A /* [CP] Embed Pods Frameworks */,
				A4E7C06F046AD603D69D240D /* [CP] Copy Pods Resources */,
			);
			buildRules = (
			);
			dependencies = (
			);
			name = ProjectTemplate;
			productName = ProjectTemplate;
			productReference = 0E0ADCEA1F7CD22A009232F8 /* ProjectTemplate.app */;
			productType = "com.apple.product-type.application";
		};
		0E0ADD021F7CD22A009232F8 /* ProjectTemplateTests */ = {
			isa = PBXNativeTarget;
			buildConfigurationList = 0E0ADD1A1F7CD22A009232F8 /* Build configuration list for PBXNativeTarget "ProjectTemplateTests" */;
			buildPhases = (
				0E0ADCFF1F7CD22A009232F8 /* Sources */,
				0E0ADD001F7CD22A009232F8 /* Frameworks */,
				0E0ADD011F7CD22A009232F8 /* Resources */,
			);
			buildRules = (
			);
			dependencies = (
				0E0ADD051F7CD22A009232F8 /* PBXTargetDependency */,
			);
			name = ProjectTemplateTests;
			productName = ProjectTemplateTests;
			productReference = 0E0ADD031F7CD22A009232F8 /* ProjectTemplateTests.xctest */;
			productType = "com.apple.product-type.bundle.unit-test";
		};
		0E0ADD0D1F7CD22A009232F8 /* ProjectTemplateUITests */ = {
			isa = PBXNativeTarget;
			buildConfigurationList = 0E0ADD1D1F7CD22A009232F8 /* Build configuration list for PBXNativeTarget "ProjectTemplateUITests" */;
			buildPhases = (
				0E0ADD0A1F7CD22A009232F8 /* Sources */,
				0E0ADD0B1F7CD22A009232F8 /* Frameworks */,
				0E0ADD0C1F7CD22A009232F8 /* Resources */,
			);
			buildRules = (
			);
			dependencies = (
				0E0ADD101F7CD22A009232F8 /* PBXTargetDependency */,
			);
			name = ProjectTemplateUITests;
			productName = ProjectTemplateUITests;
			productReference = 0E0ADD0E1F7CD22A009232F8 /* ProjectTemplateUITests.xctest */;
			productType = "com.apple.product-type.bundle.ui-testing";
		};
/* End PBXNativeTarget section */

/* Begin PBXProject section */
		0E0ADCE21F7CD22A009232F8 /* Project object */ = {
			isa = PBXProject;
			attributes = {
				LastUpgradeCheck = 0910;
				ORGANIZATIONNAME = yuting;
				TargetAttributes = {
					0E0ADCE91F7CD22A009232F8 = {
						CreatedOnToolsVersion = 8.3.3;
						DevelopmentTeam = 85AV7L542H;
						ProvisioningStyle = Automatic;
					};
					0E0ADD021F7CD22A009232F8 = {
						CreatedOnToolsVersion = 8.3.3;
						DevelopmentTeam = 9VDDJ828HQ;
						ProvisioningStyle = Automatic;
						TestTargetID = 0E0ADCE91F7CD22A009232F8;
					};
					0E0ADD0D1F7CD22A009232F8 = {
						CreatedOnToolsVersion = 8.3.3;
						DevelopmentTeam = 9VDDJ828HQ;
						ProvisioningStyle = Automatic;
						TestTargetID = 0E0ADCE91F7CD22A009232F8;
					};
				};
			};
			buildConfigurationList = 0E0ADCE51F7CD22A009232F8 /* Build configuration list for PBXProject "ProjectTemplate" */;
			compatibilityVersion = "Xcode 3.2";
			developmentRegion = English;
			hasScannedForEncodings = 0;
			knownRegions = (
				en,
				Base,
			);
			mainGroup = 0E0ADCE11F7CD22A009232F8;
			productRefGroup = 0E0ADCEB1F7CD22A009232F8 /* Products */;
			projectDirPath = "";
			projectRoot = "";
			targets = (
				0E0ADCE91F7CD22A009232F8 /* ProjectTemplate */,
				0E0ADD021F7CD22A009232F8 /* ProjectTemplateTests */,
				0E0ADD0D1F7CD22A009232F8 /* ProjectTemplateUITests */,
			);
		};
/* End PBXProject section */

/* Begin PBXResourcesBuildPhase section */
		0E0ADCE81F7CD22A009232F8 /* Resources */ = {
			isa = PBXResourcesBuildPhase;
			buildActionMask = 2147483647;
			files = (
				0E2B770E1FCBEE3E00524CD3 /* 雪@3x.png in Resources */,
				0E2B77061FCBEE3E00524CD3 /* 小雨@2x.png in Resources */,
				0E2B772D1FCD064600524CD3 /* lagou3.jpeg in Resources */,
				0E2B770A1FCBEE3E00524CD3 /* 多云@3x.png in Resources */,
				0E0ADCFD1F7CD22A009232F8 /* LaunchScreen.storyboard in Resources */,
				0E2B77051FCBEE3E00524CD3 /* 晴@2x.png in Resources */,
				0E2B770D1FCBEE3E00524CD3 /* 大雨@3x.png in Resources */,
				0E0ADCFA1F7CD22A009232F8 /* Assets.xcassets in Resources */,
				0E2B77081FCBEE3E00524CD3 /* 多云@2x.png in Resources */,
				0E2B772F1FCD064600524CD3 /* lagou0.jpeg in Resources */,
				0ECAA8901FCD2D6D00EA3AA0 /* search@3x.png in Resources */,
				0E2B772C1FCD064600524CD3 /* lagou1.jpeg in Resources */,
				0E2B77271FCD064600524CD3 /* rightNav.png in Resources */,
				0E2B77281FCD064600524CD3 /* lagou2.jpeg in Resources */,
				0E0ADCF81F7CD22A009232F8 /* Main.storyboard in Resources */,
				0E2B77091FCBEE3E00524CD3 /* 小雨@3x.png in Resources */,
				0E2B770C1FCBEE3E00524CD3 /* 雪@2x.png in Resources */,
				0E2B770B1FCBEE3E00524CD3 /* 大雨@2x.png in Resources */,
				0E2B77071FCBEE3E00524CD3 /* 晴@3x.png in Resources */,
			);
			runOnlyForDeploymentPostprocessing = 0;
		};
		0E0ADD011F7CD22A009232F8 /* Resources */ = {
			isa = PBXResourcesBuildPhase;
			buildActionMask = 2147483647;
			files = (
			);
			runOnlyForDeploymentPostprocessing = 0;
		};
		0E0ADD0C1F7CD22A009232F8 /* Resources */ = {
			isa = PBXResourcesBuildPhase;
			buildActionMask = 2147483647;
			files = (
			);
			runOnlyForDeploymentPostprocessing = 0;
		};
/* End PBXResourcesBuildPhase section */

/* Begin PBXShellScriptBuildPhase section */
		5FB43BEDEBFF0557E9E01B44 /* [CP] Check Pods Manifest.lock */ = {
			isa = PBXShellScriptBuildPhase;
			buildActionMask = 2147483647;
			files = (
			);
			inputPaths = (
			);
			name = "[CP] Check Pods Manifest.lock";
			outputPaths = (
			);
			runOnlyForDeploymentPostprocessing = 0;
			shellPath = /bin/sh;
			shellScript = "diff \"${PODS_ROOT}/../Podfile.lock\" \"${PODS_ROOT}/Manifest.lock\" > /dev/null\nif [ $? != 0 ] ; then\n    # print error to STDERR\n    echo \"error: The sandbox is not in sync with the Podfile.lock. Run 'pod install' or update your CocoaPods installation.\" >&2\n    exit 1\nfi\n";
			showEnvVarsInLog = 0;
		};
		A4E7C06F046AD603D69D240D /* [CP] Copy Pods Resources */ = {
			isa = PBXShellScriptBuildPhase;
			buildActionMask = 2147483647;
			files = (
			);
			inputPaths = (
			);
			name = "[CP] Copy Pods Resources";
			outputPaths = (
			);
			runOnlyForDeploymentPostprocessing = 0;
			shellPath = /bin/sh;
			shellScript = "\"${SRCROOT}/Pods/Target Support Files/Pods-ProjectTemplate/Pods-ProjectTemplate-resources.sh\"\n";
			showEnvVarsInLog = 0;
		};
		BB35BCFC4DFF8CD2334C6E5A /* [CP] Embed Pods Frameworks */ = {
			isa = PBXShellScriptBuildPhase;
			buildActionMask = 2147483647;
			files = (
			);
			inputPaths = (
			);
			name = "[CP] Embed Pods Frameworks";
			outputPaths = (
			);
			runOnlyForDeploymentPostprocessing = 0;
			shellPath = /bin/sh;
			shellScript = "\"${SRCROOT}/Pods/Target Support Files/Pods-ProjectTemplate/Pods-ProjectTemplate-frameworks.sh\"\n";
			showEnvVarsInLog = 0;
		};
/* End PBXShellScriptBuildPhase section */

/* Begin PBXSourcesBuildPhase section */
		0E0ADCE61F7CD22A009232F8 /* Sources */ = {
			isa = PBXSourcesBuildPhase;
			buildActionMask = 2147483647;
			files = (
				0E0410881F7CDF02003657F8 /* RootBaseNav.m in Sources */,
				0ECAA8961FCD3D1E00EA3AA0 /* GMhomeRecommendModel.m in Sources */,
				0E95DC471FCBB57800F5557D /* TADotView.m in Sources */,
				0E95DC451FCBB57800F5557D /* TAAbstractDotView.m in Sources */,
				0E2B772B1FCD064600524CD3 /* GMmainVC.m in Sources */,
				0E2B77121FCBF36000524CD3 /* UIViewController+Present.m in Sources */,
				0E4291151FCF976B007C77FF /* ShareContentItem.m in Sources */,
				0E0ADCF51F7CD22A009232F8 /* ViewController.m in Sources */,
				0E04108B1F7CDFAF003657F8 /* RootBaseBar.m in Sources */,
				0E2B772A1FCD064600524CD3 /* GMactivityVC.m in Sources */,
				0E95DC481FCBB57800F5557D /* TAPageControl.m in Sources */,
				0E0410A51F7D0653003657F8 /* UIImage+CompressImage.m in Sources */,
				0ECAA88E1FCD0F9100EA3AA0 /* GMhomeBannerModel.m in Sources */,
				0E0410821F7CD78F003657F8 /* RootBaseVC.m in Sources */,
				0ECAA89A1FCD480700EA3AA0 /* GMgiftVC.m in Sources */,
				0E95DC4B1FCBB57800F5557D /* UIView+SDExtension.m in Sources */,
				0E2B773B1FCD09A100524CD3 /* AppDelegate+AppService.m in Sources */,
				0ECDC7DF1FCAF9D300FA4424 /* WRCustomNavigationBar.m in Sources */,
				0E0410E11F8B4A3D003657F8 /* viewModel.m in Sources */,
				0E2B77351FCD07CF00524CD3 /* GMHomeRequest.m in Sources */,
				0E04109F1F7CF0A4003657F8 /* MBProgressHUD+MB.m in Sources */,
				0ECAA89E1FCD54DB00EA3AA0 /* GMhomeCateCollectCell.m in Sources */,
				0ECAA8BB1FCE690700EA3AA0 /* GMloadType.m in Sources */,
				0E0410A41F7D0653003657F8 /* RequestManager.m in Sources */,
				0E0410E41F8B61D9003657F8 /* HomeTableViewCell.m in Sources */,
				0E0410DE1F8B4994003657F8 /* model.m in Sources */,
				0ECAA8931FCD393700EA3AA0 /* GMhomeBlockModel.m in Sources */,
				0E2B77291FCD064600524CD3 /* GMinfoVC.m in Sources */,
				0E0410901F7CE8A4003657F8 /* OpenUDID.m in Sources */,
				0ECDC7E01FCAF9D300FA4424 /* WRNavigationBar.m in Sources */,
				0ECAA88B1FCD0DAE00EA3AA0 /* GMhomeModel.m in Sources */,
				0E95DC261FCBA53600F5557D /* WRImageHelper.m in Sources */,
				0E2B773A1FCD09A100524CD3 /* AppDelegate.m in Sources */,
				0E95DC491FCBB57800F5557D /* SDCollectionViewCell.m in Sources */,
				0E2B772E1FCD064600524CD3 /* GMmeVC.m in Sources */,
				0E04107D1F7CD62B003657F8 /* baseModel.m in Sources */,
				0E0ADCEF1F7CD22A009232F8 /* main.m in Sources */,
				0E95DC461FCBB57800F5557D /* TAAnimatedDotView.m in Sources */,
				0E95DC4A1FCBB57800F5557D /* SDCycleScrollView.m in Sources */,
				0E0410AB1F8B0E51003657F8 /* UITapGestureRecognizer+Block.m in Sources */,
			);
			runOnlyForDeploymentPostprocessing = 0;
		};
		0E0ADCFF1F7CD22A009232F8 /* Sources */ = {
			isa = PBXSourcesBuildPhase;
			buildActionMask = 2147483647;
			files = (
				0E0ADD081F7CD22A009232F8 /* ProjectTemplateTests.m in Sources */,
			);
			runOnlyForDeploymentPostprocessing = 0;
		};
		0E0ADD0A1F7CD22A009232F8 /* Sources */ = {
			isa = PBXSourcesBuildPhase;
			buildActionMask = 2147483647;
			files = (
				0E0ADD131F7CD22A009232F8 /* ProjectTemplateUITests.m in Sources */,
			);
			runOnlyForDeploymentPostprocessing = 0;
		};
/* End PBXSourcesBuildPhase section */

/* Begin PBXTargetDependency section */
		0E0ADD051F7CD22A009232F8 /* PBXTargetDependency */ = {
			isa = PBXTargetDependency;
			target = 0E0ADCE91F7CD22A009232F8 /* ProjectTemplate */;
			targetProxy = 0E0ADD041F7CD22A009232F8 /* PBXContainerItemProxy */;
		};
		0E0ADD101F7CD22A009232F8 /* PBXTargetDependency */ = {
			isa = PBXTargetDependency;
			target = 0E0ADCE91F7CD22A009232F8 /* ProjectTemplate */;
			targetProxy = 0E0ADD0F1F7CD22A009232F8 /* PBXContainerItemProxy */;
		};
/* End PBXTargetDependency section */

/* Begin PBXVariantGroup section */
		0E0ADCF61F7CD22A009232F8 /* Main.storyboard */ = {
			isa = PBXVariantGroup;
			children = (
				0E0ADCF71F7CD22A009232F8 /* Base */,
			);
			name = Main.storyboard;
			sourceTree = "<group>";
		};
		0E0ADCFB1F7CD22A009232F8 /* LaunchScreen.storyboard */ = {
			isa = PBXVariantGroup;
			children = (
				0E0ADCFC1F7CD22A009232F8 /* Base */,
			);
			name = LaunchScreen.storyboard;
			sourceTree = "<group>";
		};
/* End PBXVariantGroup section */

/* Begin XCBuildConfiguration section */
		0E0ADD151F7CD22A009232F8 /* Debug */ = {
			isa = XCBuildConfiguration;
			buildSettings = {
				ALWAYS_SEARCH_USER_PATHS = NO;
				CLANG_ANALYZER_NONNULL = YES;
				CLANG_ANALYZER_NUMBER_OBJECT_CONVERSION = YES_AGGRESSIVE;
				CLANG_CXX_LANGUAGE_STANDARD = "gnu++0x";
				CLANG_CXX_LIBRARY = "libc++";
				CLANG_ENABLE_MODULES = YES;
				CLANG_ENABLE_OBJC_ARC = YES;
				CLANG_WARN_BLOCK_CAPTURE_AUTORELEASING = YES;
				CLANG_WARN_BOOL_CONVERSION = YES;
				CLANG_WARN_COMMA = YES;
				CLANG_WARN_CONSTANT_CONVERSION = YES;
				CLANG_WARN_DIRECT_OBJC_ISA_USAGE = YES_ERROR;
				CLANG_WARN_DOCUMENTATION_COMMENTS = YES;
				CLANG_WARN_EMPTY_BODY = YES;
				CLANG_WARN_ENUM_CONVERSION = YES;
				CLANG_WARN_INFINITE_RECURSION = YES;
				CLANG_WARN_INT_CONVERSION = YES;
				CLANG_WARN_NON_LITERAL_NULL_CONVERSION = YES;
				CLANG_WARN_OBJC_LITERAL_CONVERSION = YES;
				CLANG_WARN_OBJC_ROOT_CLASS = YES_ERROR;
				CLANG_WARN_RANGE_LOOP_ANALYSIS = YES;
				CLANG_WARN_STRICT_PROTOTYPES = YES;
				CLANG_WARN_SUSPICIOUS_MOVE = YES;
				CLANG_WARN_UNREACHABLE_CODE = YES;
				CLANG_WARN__DUPLICATE_METHOD_MATCH = YES;
				"CODE_SIGN_IDENTITY[sdk=iphoneos*]" = "iPhone Developer";
				COPY_PHASE_STRIP = NO;
				DEBUG_INFORMATION_FORMAT = dwarf;
				ENABLE_STRICT_OBJC_MSGSEND = YES;
				ENABLE_TESTABILITY = YES;
				GCC_C_LANGUAGE_STANDARD = gnu99;
				GCC_DYNAMIC_NO_PIC = NO;
				GCC_NO_COMMON_BLOCKS = YES;
				GCC_OPTIMIZATION_LEVEL = 0;
				GCC_PREPROCESSOR_DEFINITIONS = (
					"DEBUG=1",
					"$(inherited)",
				);
				GCC_WARN_64_TO_32_BIT_CONVERSION = YES;
				GCC_WARN_ABOUT_RETURN_TYPE = YES_ERROR;
				GCC_WARN_UNDECLARED_SELECTOR = YES;
				GCC_WARN_UNINITIALIZED_AUTOS = YES_AGGRESSIVE;
				GCC_WARN_UNUSED_FUNCTION = YES;
				GCC_WARN_UNUSED_VARIABLE = YES;
				IPHONEOS_DEPLOYMENT_TARGET = 10.3;
				MTL_ENABLE_DEBUG_INFO = YES;
				ONLY_ACTIVE_ARCH = YES;
				SDKROOT = iphoneos;
			};
			name = Debug;
		};
		0E0ADD161F7CD22A009232F8 /* Release */ = {
			isa = XCBuildConfiguration;
			buildSettings = {
				ALWAYS_SEARCH_USER_PATHS = NO;
				CLANG_ANALYZER_NONNULL = YES;
				CLANG_ANALYZER_NUMBER_OBJECT_CONVERSION = YES_AGGRESSIVE;
				CLANG_CXX_LANGUAGE_STANDARD = "gnu++0x";
				CLANG_CXX_LIBRARY = "libc++";
				CLANG_ENABLE_MODULES = YES;
				CLANG_ENABLE_OBJC_ARC = YES;
				CLANG_WARN_BLOCK_CAPTURE_AUTORELEASING = YES;
				CLANG_WARN_BOOL_CONVERSION = YES;
				CLANG_WARN_COMMA = YES;
				CLANG_WARN_CONSTANT_CONVERSION = YES;
				CLANG_WARN_DIRECT_OBJC_ISA_USAGE = YES_ERROR;
				CLANG_WARN_DOCUMENTATION_COMMENTS = YES;
				CLANG_WARN_EMPTY_BODY = YES;
				CLANG_WARN_ENUM_CONVERSION = YES;
				CLANG_WARN_INFINITE_RECURSION = YES;
				CLANG_WARN_INT_CONVERSION = YES;
				CLANG_WARN_NON_LITERAL_NULL_CONVERSION = YES;
				CLANG_WARN_OBJC_LITERAL_CONVERSION = YES;
				CLANG_WARN_OBJC_ROOT_CLASS = YES_ERROR;
				CLANG_WARN_RANGE_LOOP_ANALYSIS = YES;
				CLANG_WARN_STRICT_PROTOTYPES = YES;
				CLANG_WARN_SUSPICIOUS_MOVE = YES;
				CLANG_WARN_UNREACHABLE_CODE = YES;
				CLANG_WARN__DUPLICATE_METHOD_MATCH = YES;
				"CODE_SIGN_IDENTITY[sdk=iphoneos*]" = "iPhone Developer";
				COPY_PHASE_STRIP = NO;
				DEBUG_INFORMATION_FORMAT = "dwarf-with-dsym";
				ENABLE_NS_ASSERTIONS = NO;
				ENABLE_STRICT_OBJC_MSGSEND = YES;
				GCC_C_LANGUAGE_STANDARD = gnu99;
				GCC_NO_COMMON_BLOCKS = YES;
				GCC_WARN_64_TO_32_BIT_CONVERSION = YES;
				GCC_WARN_ABOUT_RETURN_TYPE = YES_ERROR;
				GCC_WARN_UNDECLARED_SELECTOR = YES;
				GCC_WARN_UNINITIALIZED_AUTOS = YES_AGGRESSIVE;
				GCC_WARN_UNUSED_FUNCTION = YES;
				GCC_WARN_UNUSED_VARIABLE = YES;
				IPHONEOS_DEPLOYMENT_TARGET = 10.3;
				MTL_ENABLE_DEBUG_INFO = NO;
				SDKROOT = iphoneos;
				VALIDATE_PRODUCT = YES;
			};
			name = Release;
		};
		0E0ADD181F7CD22A009232F8 /* Debug */ = {
			isa = XCBuildConfiguration;
			baseConfigurationReference = 05794AB52E0AA51D77949FC5 /* Pods-ProjectTemplate.debug.xcconfig */;
			buildSettings = {
				ASSETCATALOG_COMPILER_APPICON_NAME = AppIcon;
				DEVELOPMENT_TEAM = 85AV7L542H;
				FRAMEWORK_SEARCH_PATHS = (
					"$(inherited)",
					"$(PROJECT_DIR)",
				);
				GCC_PRECOMPILE_PREFIX_HEADER = YES;
				GCC_PREFIX_HEADER = /Users/yuting/ProjectTemplate/ProjectTemplate/PrefixHeader.pch;
				INFOPLIST_FILE = ProjectTemplate/Info.plist;
				IPHONEOS_DEPLOYMENT_TARGET = 8.0;
				LD_RUNPATH_SEARCH_PATHS = "$(inherited) @executable_path/Frameworks";
				OTHER_LDFLAGS = (
					"$(inherited)",
					"-ObjC",
					"-l\"AFNetworking\"",
					"-l\"FMDB\"",
					"-l\"IQKeyboardManager\"",
					"-l\"MBProgressHUD\"",
					"-l\"MJRefresh\"",
					"-l\"SDAutoLayout\"",
					"-l\"SDWebImage\"",
					"-l\"WeChatSDK\"",
					"-l\"WeiboSDK\"",
					"-l\"YTKKeyValueStore\"",
					"-l\"YYKit\"",
					"-l\"c++\"",
					"-l\"sqlite3\"",
					"-l\"sqlite3.0\"",
					"-l\"z\"",
					"-framework",
					"\"Accelerate\"",
					"-framework",
					"\"AssetsLibrary\"",
					"-framework",
					"\"CFNetwork\"",
					"-framework",
					"\"CoreFoundation\"",
					"-framework",
					"\"CoreGraphics\"",
					"-framework",
					"\"CoreImage\"",
					"-framework",
					"\"CoreTelephony\"",
					"-framework",
					"\"CoreText\"",
					"-framework",
					"\"Foundation\"",
					"-framework",
					"\"ImageIO\"",
					"-framework",
					"\"MobileCoreServices\"",
					"-framework",
					"\"Photos\"",
					"-framework",
					"\"QuartzCore\"",
					"-framework",
					"\"Security\"",
					"-framework",
					"\"SystemConfiguration\"",
					"-framework",
					"\"UIKit\"",
					"-framework",
					"\"WebP\"",
				);
				PRODUCT_BUNDLE_IDENTIFIER = com.yutingxiao.ProjectTemplate;
				PRODUCT_NAME = "$(TARGET_NAME)";
			};
			name = Debug;
		};
		0E0ADD191F7CD22A009232F8 /* Release */ = {
			isa = XCBuildConfiguration;
			baseConfigurationReference = 03397658B930F37387651DA7 /* Pods-ProjectTemplate.release.xcconfig */;
			buildSettings = {
				ASSETCATALOG_COMPILER_APPICON_NAME = AppIcon;
				DEVELOPMENT_TEAM = 85AV7L542H;
				FRAMEWORK_SEARCH_PATHS = (
					"$(inherited)",
					"$(PROJECT_DIR)",
				);
				GCC_PRECOMPILE_PREFIX_HEADER = YES;
				GCC_PREFIX_HEADER = /Users/yuting/ProjectTemplate/ProjectTemplate/PrefixHeader.pch;
				INFOPLIST_FILE = ProjectTemplate/Info.plist;
				IPHONEOS_DEPLOYMENT_TARGET = 8.0;
				LD_RUNPATH_SEARCH_PATHS = "$(inherited) @executable_path/Frameworks";
				OTHER_LDFLAGS = (
					"$(inherited)",
					"-ObjC",
					"-l\"AFNetworking\"",
					"-l\"FMDB\"",
					"-l\"IQKeyboardManager\"",
					"-l\"MBProgressHUD\"",
					"-l\"MJRefresh\"",
					"-l\"SDAutoLayout\"",
					"-l\"SDWebImage\"",
					"-l\"WeChatSDK\"",
					"-l\"WeiboSDK\"",
					"-l\"YTKKeyValueStore\"",
					"-l\"YYKit\"",
					"-l\"c++\"",
					"-l\"sqlite3\"",
					"-l\"sqlite3.0\"",
					"-l\"z\"",
					"-framework",
					"\"Accelerate\"",
					"-framework",
					"\"AssetsLibrary\"",
					"-framework",
					"\"CFNetwork\"",
					"-framework",
					"\"CoreFoundation\"",
					"-framework",
					"\"CoreGraphics\"",
					"-framework",
					"\"CoreImage\"",
					"-framework",
					"\"CoreTelephony\"",
					"-framework",
					"\"CoreText\"",
					"-framework",
					"\"Foundation\"",
					"-framework",
					"\"ImageIO\"",
					"-framework",
					"\"MobileCoreServices\"",
					"-framework",
					"\"Photos\"",
					"-framework",
					"\"QuartzCore\"",
					"-framework",
					"\"Security\"",
					"-framework",
					"\"SystemConfiguration\"",
					"-framework",
					"\"UIKit\"",
					"-framework",
					"\"WebP\"",
				);
				PRODUCT_BUNDLE_IDENTIFIER = com.yutingxiao.ProjectTemplate;
				PRODUCT_NAME = "$(TARGET_NAME)";
			};
			name = Release;
		};
		0E0ADD1B1F7CD22A009232F8 /* Debug */ = {
			isa = XCBuildConfiguration;
			buildSettings = {
				BUNDLE_LOADER = "$(TEST_HOST)";
				DEVELOPMENT_TEAM = 9VDDJ828HQ;
				INFOPLIST_FILE = ProjectTemplateTests/Info.plist;
				LD_RUNPATH_SEARCH_PATHS = "$(inherited) @executable_path/Frameworks @loader_path/Frameworks";
				PRODUCT_BUNDLE_IDENTIFIER = com.yutingxiao.ProjectTemplateTests;
				PRODUCT_NAME = "$(TARGET_NAME)";
				TEST_HOST = "$(BUILT_PRODUCTS_DIR)/ProjectTemplate.app/ProjectTemplate";
			};
			name = Debug;
		};
		0E0ADD1C1F7CD22A009232F8 /* Release */ = {
			isa = XCBuildConfiguration;
			buildSettings = {
				BUNDLE_LOADER = "$(TEST_HOST)";
				DEVELOPMENT_TEAM = 9VDDJ828HQ;
				INFOPLIST_FILE = ProjectTemplateTests/Info.plist;
				LD_RUNPATH_SEARCH_PATHS = "$(inherited) @executable_path/Frameworks @loader_path/Frameworks";
				PRODUCT_BUNDLE_IDENTIFIER = com.yutingxiao.ProjectTemplateTests;
				PRODUCT_NAME = "$(TARGET_NAME)";
				TEST_HOST = "$(BUILT_PRODUCTS_DIR)/ProjectTemplate.app/ProjectTemplate";
			};
			name = Release;
		};
		0E0ADD1E1F7CD22A009232F8 /* Debug */ = {
			isa = XCBuildConfiguration;
			buildSettings = {
				DEVELOPMENT_TEAM = 9VDDJ828HQ;
				INFOPLIST_FILE = ProjectTemplateUITests/Info.plist;
				LD_RUNPATH_SEARCH_PATHS = "$(inherited) @executable_path/Frameworks @loader_path/Frameworks";
				PRODUCT_BUNDLE_IDENTIFIER = com.yutingxiao.ProjectTemplateUITests;
				PRODUCT_NAME = "$(TARGET_NAME)";
				TEST_TARGET_NAME = ProjectTemplate;
			};
			name = Debug;
		};
		0E0ADD1F1F7CD22A009232F8 /* Release */ = {
			isa = XCBuildConfiguration;
			buildSettings = {
				DEVELOPMENT_TEAM = 9VDDJ828HQ;
				INFOPLIST_FILE = ProjectTemplateUITests/Info.plist;
				LD_RUNPATH_SEARCH_PATHS = "$(inherited) @executable_path/Frameworks @loader_path/Frameworks";
				PRODUCT_BUNDLE_IDENTIFIER = com.yutingxiao.ProjectTemplateUITests;
				PRODUCT_NAME = "$(TARGET_NAME)";
				TEST_TARGET_NAME = ProjectTemplate;
			};
			name = Release;
		};
/* End XCBuildConfiguration section */

/* Begin XCConfigurationList section */
		0E0ADCE51F7CD22A009232F8 /* Build configuration list for PBXProject "ProjectTemplate" */ = {
			isa = XCConfigurationList;
			buildConfigurations = (
				0E0ADD151F7CD22A009232F8 /* Debug */,
				0E0ADD161F7CD22A009232F8 /* Release */,
			);
			defaultConfigurationIsVisible = 0;
			defaultConfigurationName = Release;
		};
		0E0ADD171F7CD22A009232F8 /* Build configuration list for PBXNativeTarget "ProjectTemplate" */ = {
			isa = XCConfigurationList;
			buildConfigurations = (
				0E0ADD181F7CD22A009232F8 /* Debug */,
				0E0ADD191F7CD22A009232F8 /* Release */,
			);
			defaultConfigurationIsVisible = 0;
			defaultConfigurationName = Release;
		};
		0E0ADD1A1F7CD22A009232F8 /* Build configuration list for PBXNativeTarget "ProjectTemplateTests" */ = {
			isa = XCConfigurationList;
			buildConfigurations = (
				0E0ADD1B1F7CD22A009232F8 /* Debug */,
				0E0ADD1C1F7CD22A009232F8 /* Release */,
			);
			defaultConfigurationIsVisible = 0;
			defaultConfigurationName = Release;
		};
		0E0ADD1D1F7CD22A009232F8 /* Build configuration list for PBXNativeTarget "ProjectTemplateUITests" */ = {
			isa = XCConfigurationList;
			buildConfigurations = (
				0E0ADD1E1F7CD22A009232F8 /* Debug */,
				0E0ADD1F1F7CD22A009232F8 /* Release */,
			);
			defaultConfigurationIsVisible = 0;
			defaultConfigurationName = Release;
		};
/* End XCConfigurationList section */
	};
	rootObject = 0E0ADCE21F7CD22A009232F8 /* Project object */;
}
